// !$*UTF8*$!
{
	archiveVersion = 1;
	classes = {
	};
	objectVersion = 46;
	objects = {

/* Begin PBXBuildFile section */
		D43D15201CD05451002CA51A /* AppDelegate.swift in Sources */ = {isa = PBXBuildFile; fileRef = D43D151F1CD05451002CA51A /* AppDelegate.swift */; };
		D43D15221CD05451002CA51A /* ViewController.swift in Sources */ = {isa = PBXBuildFile; fileRef = D43D15211CD05451002CA51A /* ViewController.swift */; };
		D43D15251CD05451002CA51A /* Main.storyboard in Resources */ = {isa = PBXBuildFile; fileRef = D43D15231CD05451002CA51A /* Main.storyboard */; };
		D43D15271CD05451002CA51A /* Assets.xcassets in Resources */ = {isa = PBXBuildFile; fileRef = D43D15261CD05451002CA51A /* Assets.xcassets */; };
		D43D152A1CD05451002CA51A /* LaunchScreen.storyboard in Resources */ = {isa = PBXBuildFile; fileRef = D43D15281CD05451002CA51A /* LaunchScreen.storyboard */; };
		D43D15341CD09811002CA51A /* LGJHideBarViewController.swift in Sources */ = {isa = PBXBuildFile; fileRef = D43D15331CD09811002CA51A /* LGJHideBarViewController.swift */; };
		D43D15361CD09B7C002CA51A /* LGJTransparentBarVC.swift in Sources */ = {isa = PBXBuildFile; fileRef = D43D15351CD09B7C002CA51A /* LGJTransparentBarVC.swift */; };
/* End PBXBuildFile section */

/* Begin PBXFileReference section */
		D43D151C1CD05451002CA51A /* ScaleNavBarSwiftDemo.app */ = {isa = PBXFileReference; explicitFileType = wrapper.application; includeInIndex = 0; path = ScaleNavBarSwiftDemo.app; sourceTree = BUILT_PRODUCTS_DIR; };
		D43D151F1CD05451002CA51A /* AppDelegate.swift */ = {isa = PBXFileReference; lastKnownFileType = sourcecode.swift; path = AppDelegate.swift; sourceTree = "<group>"; };
		D43D15211CD05451002CA51A /* ViewController.swift */ = {isa = PBXFileReference; lastKnownFileType = sourcecode.swift; path = ViewController.swift; sourceTree = "<group>"; };
		D43D15241CD05451002CA51A /* Base */ = {isa = PBXFileReference; lastKnownFileType = file.storyboard; name = Base; path = Base.lproj/Main.storyboard; sourceTree = "<group>"; };
		D43D15261CD05451002CA51A /* Assets.xcassets */ = {isa = PBXFileReference; lastKnownFileType = folder.assetcatalog; path = Assets.xcassets; sourceTree = "<group>"; };
		D43D15291CD05451002CA51A /* Base */ = {isa = PBXFileReference; lastKnownFileType = file.storyboard; name = Base; path = Base.lproj/LaunchScreen.storyboard; sourceTree = "<group>"; };
		D43D152B1CD05451002CA51A /* Info.plist */ = {isa = PBXFileReference; lastKnownFileType = text.plist.xml; path = Info.plist; sourceTree = "<group>"; };
		D43D15331CD09811002CA51A /* LGJHideBarViewController.swift */ = {isa = PBXFileReference; fileEncoding = 4; lastKnownFileType = sourcecode.swift; path = LGJHideBarViewController.swift; sourceTree = "<group>"; };
		D43D15351CD09B7C002CA51A /* LGJTransparentBarVC.swift */ = {isa = PBXFileReference; fileEncoding = 4; lastKnownFileType = sourcecode.swift; path = LGJTransparentBarVC.swift; sourceTree = "<group>"; };
/* End PBXFileReference section */

/* Begin PBXFrameworksBuildPhase section */
		D43D15191CD05451002CA51A /* Frameworks */ = {
			isa = PBXFrameworksBuildPhase;
			buildActionMask = 2147483647;
			files = (
			);
			runOnlyForDeploymentPostprocessing = 0;
		};
/* End PBXFrameworksBuildPhase section */

/* Begin PBXGroup section */
		D43D15131CD05451002CA51A = {
			isa = PBXGroup;
			children = (
				D43D151E1CD05451002CA51A /* ScaleNavBarSwiftDemo */,
				D43D151D1CD05451002CA51A /* Products */,
			);
			sourceTree = "<group>";
		};
		D43D151D1CD05451002CA51A /* Products */ = {
			isa = PBXGroup;
			children = (
				D43D151C1CD05451002CA51A /* ScaleNavBarSwiftDemo.app */,
			);
			name = Products;
			sourceTree = "<group>";
		};
		D43D151E1CD05451002CA51A /* ScaleNavBarSwiftDemo */ = {
			isa = PBXGroup;
			children = (
				D43D151F1CD05451002CA51A /* AppDelegate.swift */,
				D43D15211CD05451002CA51A /* ViewController.swift */,
				D43D15331CD09811002CA51A /* LGJHideBarViewController.swift */,
				D43D15351CD09B7C002CA51A /* LGJTransparentBarVC.swift */,
				D43D15231CD05451002CA51A /* Main.storyboard */,
				D43D15261CD05451002CA51A /* Assets.xcassets */,
				D43D15281CD05451002CA51A /* LaunchScreen.storyboard */,
				D43D152B1CD05451002CA51A /* Info.plist */,
			);
			path = ScaleNavBarSwiftDemo;
			sourceTree = "<group>";
		};
/* End PBXGroup section */

/* Begin PBXNativeTarget section */
		D43D151B1CD05451002CA51A /* ScaleNavBarSwiftDemo */ = {
			isa = PBXNativeTarget;
			buildConfigurationList = D43D152E1CD05451002CA51A /* Build configuration list for PBXNativeTarget "ScaleNavBarSwiftDemo" */;
			buildPhases = (
				D43D15181CD05451002CA51A /* Sources */,
				D43D15191CD05451002CA51A /* Frameworks */,
				D43D151A1CD05451002CA51A /* Resources */,
			);
			buildRules = (
			);
			dependencies = (
			);
			name = ScaleNavBarSwiftDemo;
			productName = ScaleNavBarSwiftDemo;
			productReference = D43D151C1CD05451002CA51A /* ScaleNavBarSwiftDemo.app */;
			productType = "com.apple.product-type.application";
		};
/* End PBXNativeTarget section */

/* Begin PBXProject section */
		D43D15141CD05451002CA51A /* Project object */ = {
			isa = PBXProject;
			attributes = {
				CLASSPREFIX = LGJ;
				LastSwiftUpdateCheck = 0730;
				LastUpgradeCheck = 0730;
				ORGANIZATIONNAME = "海涛旅游";
				TargetAttributes = {
					D43D151B1CD05451002CA51A = {
						CreatedOnToolsVersion = 7.3;
					};
				};
			};
			buildConfigurationList = D43D15171CD05451002CA51A /* Build configuration list for PBXProject "ScaleNavBarSwiftDemo" */;
			compatibilityVersion = "Xcode 3.2";
			developmentRegion = English;
			hasScannedForEncodings = 0;
			knownRegions = (
				en,
				Base,
			);
			mainGroup = D43D15131CD05451002CA51A;
			productRefGroup = D43D151D1CD05451002CA51A /* Products */;
			projectDirPath = "";
			projectRoot = "";
			targets = (
				D43D151B1CD05451002CA51A /* ScaleNavBarSwiftDemo */,
			);
		};
/* End PBXProject section */

/* Begin PBXResourcesBuildPhase section */
		D43D151A1CD05451002CA51A /* Resources */ = {
			isa = PBXResourcesBuildPhase;
			buildActionMask = 2147483647;
			files = (
				D43D152A1CD05451002CA51A /* LaunchScreen.storyboard in Resources */,
				D43D15271CD05451002CA51A /* Assets.xcassets in Resources */,
				D43D15251CD05451002CA51A /* Main.storyboard in Resources */,
			);
			runOnlyForDeploymentPostprocessing = 0;
		};
/* End PBXResourcesBuildPhase section */

/* Begin PBXSourcesBuildPhase section */
		D43D15181CD05451002CA51A /* Sources */ = {
			isa = PBXSourcesBuildPhase;
			buildActionMask = 2147483647;
			files = (
				D43D15221CD05451002CA51A /* ViewController.swift in Sources */,
				D43D15361CD09B7C002CA51A /* LGJTransparentBarVC.swift in Sources */,
				D43D15201CD05451002CA51A /* AppDelegate.swift in Sources */,
				D43D15341CD09811002CA51A /* LGJHideBarViewController.swift in Sources */,
			);
			runOnlyForDeploymentPostprocessing = 0;
		};
/* End PBXSourcesBuildPhase section */

/* Begin PBXVariantGroup section */
		D43D15231CD05451002CA51A /* Main.storyboard */ = {
			isa = PBXVariantGroup;
			children = (
				D43D15241CD05451002CA51A /* Base */,
			);
			name = Main.storyboard;
			sourceTree = "<group>";
		};
		D43D15281CD05451002CA51A /* LaunchScreen.storyboard */ = {
			isa = PBXVariantGroup;
			children = (
				D43D15291CD05451002CA51A /* Base */,
			);
			name = LaunchScreen.storyboard;
			sourceTree = "<group>";
		};
/* End PBXVariantGroup section */

/* Begin XCBuildConfiguration section */
		D43D152C1CD05451002CA51A /* Debug */ = {
			isa = XCBuildConfiguration;
			buildSettings = {
				ALWAYS_SEARCH_USER_PATHS = NO;
				CLANG_ANALYZER_NONNULL = YES;
				CLANG_CXX_LANGUAGE_STANDARD = "gnu++0x";
				CLANG_CXX_LIBRARY = "libc++";
				CLANG_ENABLE_MODULES = YES;
				CLANG_ENABLE_OBJC_ARC = YES;
				CLANG_WARN_BOOL_CONVERSION = YES;
				CLANG_WARN_CONSTANT_CONVERSION = YES;
				CLANG_WARN_DIRECT_OBJC_ISA_USAGE = YES_ERROR;
				CLANG_WARN_EMPTY_BODY = YES;
				CLANG_WARN_ENUM_CONVERSION = YES;
				CLANG_WARN_INT_CONVERSION = YES;
				CLANG_WARN_OBJC_ROOT_CLASS = YES_ERROR;
				CLANG_WARN_UNREACHABLE_CODE = YES;
				CLANG_WARN__DUPLICATE_METHOD_MATCH = YES;
				"CODE_SIGN_IDENTITY[sdk=iphoneos*]" = "iPhone Developer";
				COPY_PHASE_STRIP = NO;
				DEBUG_INFORMATION_FORMAT = dwarf;
				ENABLE_STRICT_OBJC_MSGSEND = YES;
				ENABLE_TESTABILITY = YES;
				GCC_C_LANGUAGE_STANDARD = gnu99;
				GCC_DYNAMIC_NO_PIC = NO;
				GCC_NO_COMMON_BLOCKS = YES;
				GCC_OPTIMIZATION_LEVEL = 0;
				GCC_PREPROCESSOR_DEFINITIONS = (
					"DEBUG=1",
					"$(inherited)",
				);
				GCC_WARN_64_TO_32_BIT_CONVERSION = YES;
				GCC_WARN_ABOUT_RETURN_TYPE = YES_ERROR;
				GCC_WARN_UNDECLARED_SELECTOR = YES;
				GCC_WARN_UNINITIALIZED_AUTOS = YES_AGGRESSIVE;
				GCC_WARN_UNUSED_FUNCTION = YES;
				GCC_WARN_UNUSED_VARIABLE = YES;
				IPHONEOS_DEPLOYMENT_TARGET = 9.3;
				MTL_ENABLE_DEBUG_INFO = YES;
				ONLY_ACTIVE_ARCH = YES;
				SDKROOT = iphoneos;
				SWIFT_OPTIMIZATION_LEVEL = "-Onone";
			};
			name = Debug;
		};
		D43D152D1CD05451002CA51A /* Release */ = {
			isa = XCBuildConfiguration;
			buildSettings = {
				ALWAYS_SEARCH_USER_PATHS = NO;
				CLANG_ANALYZER_NONNULL = YES;
				CLANG_CXX_LANGUAGE_STANDARD = "gnu++0x";
				CLANG_CXX_LIBRARY = "libc++";
				CLANG_ENABLE_MODULES = YES;
				CLANG_ENABLE_OBJC_ARC = YES;
				CLANG_WARN_BOOL_CONVERSION = YES;
				CLANG_WARN_CONSTANT_CONVERSION = YES;
				CLANG_WARN_DIRECT_OBJC_ISA_USAGE = YES_ERROR;
				CLANG_WARN_EMPTY_BODY = YES;
				CLANG_WARN_ENUM_CONVERSION = YES;
				CLANG_WARN_INT_CONVERSION = YES;
				CLANG_WARN_OBJC_ROOT_CLASS = YES_ERROR;
				CLANG_WARN_UNREACHABLE_CODE = YES;
				CLANG_WARN__DUPLICATE_METHOD_MATCH = YES;
				"CODE_SIGN_IDENTITY[sdk=iphoneos*]" = "iPhone Developer";
				COPY_PHASE_STRIP = NO;
				DEBUG_INFORMATION_FORMAT = "dwarf-with-dsym";
				ENABLE_NS_ASSERTIONS = NO;
				ENABLE_STRICT_OBJC_MSGSEND = YES;
				GCC_C_LANGUAGE_STANDARD = gnu99;
				GCC_NO_COMMON_BLOCKS = YES;
				GCC_WARN_64_TO_32_BIT_CONVERSION = YES;
				GCC_WARN_ABOUT_RETURN_TYPE = YES_ERROR;
				GCC_WARN_UNDECLARED_SELECTOR = YES;
				GCC_WARN_UNINITIALIZED_AUTOS = YES_AGGRESSIVE;
				GCC_WARN_UNUSED_FUNCTION = YES;
				GCC_WARN_UNUSED_VARIABLE = YES;
				IPHONEOS_DEPLOYMENT_TARGET = 9.3;
				MTL_ENABLE_DEBUG_INFO = NO;
				SDKROOT = iphoneos;
				VALIDATE_PRODUCT = YES;
			};
			name = Release;
		};
		D43D152F1CD05451002CA51A /* Debug */ = {
			isa = XCBuildConfiguration;
			buildSettings = {
				ASSETCATALOG_COMPILER_APPICON_NAME = AppIcon;
				INFOPLIST_FILE = ScaleNavBarSwiftDemo/Info.plist;
				LD_RUNPATH_SEARCH_PATHS = "$(inherited) @executable_path/Frameworks";
				PRODUCT_BUNDLE_IDENTIFIER = com.haitao.ScaleNavBarSwiftDemo;
				PRODUCT_NAME = "$(TARGET_NAME)";
			};
			name = Debug;
		};
		D43D15301CD05451002CA51A /* Release */ = {
			isa = XCBuildConfiguration;
			buildSettings = {
				ASSETCATALOG_COMPILER_APPICON_NAME = AppIcon;
				INFOPLIST_FILE = ScaleNavBarSwiftDemo/Info.plist;
				LD_RUNPATH_SEARCH_PATHS = "$(inherited) @executable_path/Frameworks";
				PRODUCT_BUNDLE_IDENTIFIER = com.haitao.ScaleNavBarSwiftDemo;
				PRODUCT_NAME = "$(TARGET_NAME)";
			};
			name = Release;
		};
/* End XCBuildConfiguration section */

/* Begin XCConfigurationList section */
		D43D15171CD05451002CA51A /* Build configuration list for PBXProject "ScaleNavBarSwiftDemo" */ = {
			isa = XCConfigurationList;
			buildConfigurations = (
				D43D152C1CD05451002CA51A /* Debug */,
				D43D152D1CD05451002CA51A /* Release */,
			);
			defaultConfigurationIsVisible = 0;
			defaultConfigurationName = Release;
		};
		D43D152E1CD05451002CA51A /* Build configuration list for PBXNativeTarget "ScaleNavBarSwiftDemo" */ = {
			isa = XCConfigurationList;
			buildConfigurations = (
				D43D152F1CD05451002CA51A /* Debug */,
				D43D15301CD05451002CA51A /* Release */,
			);
			defaultConfigurationIsVisible = 0;
		};
/* End XCConfigurationList section */
	};
	rootObject = D43D15141CD05451002CA51A /* Project object */;
}
